Microsoft Visual Studio Solution File, Format Version 12.00
# Visual Studio Version 17
VisualStudioVersion = 17.5.2.0
MinimumVisualStudioVersion = 10.0.40219.1
Project("{FAE04EC0-301F-11D3-BF4B-00C04F79EFBC}") = "TimeTracker", "TimeTracker.csproj", "{FB95A115-A89C-667D-B3DE-F8D647E13431}"
EndProject
Global
	GlobalSection(SolutionConfigurationPlatforms) = preSolution
		Debug|Any CPU = Debug|Any CPU
		Release|Any CPU = Release|Any CPU
	EndGlobalSection
	GlobalSection(ProjectConfigurationPlatforms) = postSolution
		{FB95A115-A89C-667D-B3DE-F8D647E13431}.Debug|Any CPU.ActiveCfg = Debug|Any CPU
		{FB95A115-A89C-667D-B3DE-F8D647E13431}.Debug|Any CPU.Build.0 = Debug|Any CPU
		{FB95A115-A89C-667D-B3DE-F8D647E13431}.Release|Any CPU.ActiveCfg = Release|Any CPU
		{FB95A115-A89C-667D-B3DE-F8D647E13431}.Release|Any CPU.Build.0 = Release|Any CPU
	EndGlobalSection
	GlobalSection(SolutionProperties) = preSolution
		HideSolutionNode = FALSE
	EndGlobalSection
	GlobalSection(ExtensibilityGlobals) = postSolution
		SolutionGuid = {85995245-4D97-44AF-8992-C103A39E8F91}
	EndGlobalSection
EndGlobal
